
Microsoft Visual Studio Solution File, Format Version 12.00
# Visual Studio 15
VisualStudioVersion = 15.0.27004.2005
MinimumVisualStudioVersion = 10.0.40219.1
Project("{9A19103F-16F7-4668-BE54-9A1E7A4F7556}") = "NotificationForAmazonSES", "SNSNotificationForAmazonSES\NotificationForAmazonSES.csproj", "{96EAAE6C-A277-4FC1-95B6-09A36AAD9004}"
EndProject
Project("{FAE04EC0-301F-11D3-BF4B-00C04F79EFBC}") = "NotificationForAmazonSESTests", "SNSNotificationForAmazonSESTests\NotificationForAmazonSESTests.csproj", "{BDFBC8B3-95DC-4FFB-A031-60DF03AE81F8}"
EndProject
Global
	GlobalSection(SolutionConfigurationPlatforms) = preSolution
		Debug|Any CPU = Debug|Any CPU
		Release|Any CPU = Release|Any CPU
	EndGlobalSection
	GlobalSection(ProjectConfigurationPlatforms) = postSolution
		{96EAAE6C-A277-4FC1-95B6-09A36AAD9004}.Debug|Any CPU.ActiveCfg = Debug|Any CPU
		{96EAAE6C-A277-4FC1-95B6-09A36AAD9004}.Debug|Any CPU.Build.0 = Debug|Any CPU
		{96EAAE6C-A277-4FC1-95B6-09A36AAD9004}.Release|Any CPU.ActiveCfg = Release|Any CPU
		{96EAAE6C-A277-4FC1-95B6-09A36AAD9004}.Release|Any CPU.Build.0 = Release|Any CPU
		{BDFBC8B3-95DC-4FFB-A031-60DF03AE81F8}.Debug|Any CPU.ActiveCfg = Debug|Any CPU
		{BDFBC8B3-95DC-4FFB-A031-60DF03AE81F8}.Debug|Any CPU.Build.0 = Debug|Any CPU
		{BDFBC8B3-95DC-4FFB-A031-60DF03AE81F8}.Release|Any CPU.ActiveCfg = Release|Any CPU
		{BDFBC8B3-95DC-4FFB-A031-60DF03AE81F8}.Release|Any CPU.Build.0 = Release|Any CPU
	EndGlobalSection
	GlobalSection(SolutionProperties) = preSolution
		HideSolutionNode = FALSE
	EndGlobalSection
	GlobalSection(ExtensibilityGlobals) = postSolution
		SolutionGuid = {7D195AF5-0D38-4809-9F17-ADD4F0181B1E}
	EndGlobalSection
EndGlobal
